
Microsoft Visual Studio Solution File, Format Version 12.00
# Visual Studio Version 16
VisualStudioVersion = 16.0.30621.155
MinimumVisualStudioVersion = 10.0.40219.1
Project("{9A19103F-16F7-4668-BE54-9A1E7A4F7556}") = "StudentAPI", "StudentAPI\StudentAPI.csproj", "{54B86300-9B6F-47F7-BFEF-690751E49FBC}"
EndProject
Project("{FAE04EC0-301F-11D3-BF4B-00C04F79EFBC}") = "StudentAPI.IntegrationTest", "StudentAPI.IntegrationTest\StudentAPI.IntegrationTest.csproj", "{98126AEA-85BD-4977-B3D4-321710F2654B}"
EndProject
Global
	GlobalSection(SolutionConfigurationPlatforms) = preSolution
		Debug|Any CPU = Debug|Any CPU
		Release|Any CPU = Release|Any CPU
	EndGlobalSection
	GlobalSection(ProjectConfigurationPlatforms) = postSolution
		{54B86300-9B6F-47F7-BFEF-690751E49FBC}.Debug|Any CPU.ActiveCfg = Debug|Any CPU
		{54B86300-9B6F-47F7-BFEF-690751E49FBC}.Debug|Any CPU.Build.0 = Debug|Any CPU
		{54B86300-9B6F-47F7-BFEF-690751E49FBC}.Release|Any CPU.ActiveCfg = Release|Any CPU
		{54B86300-9B6F-47F7-BFEF-690751E49FBC}.Release|Any CPU.Build.0 = Release|Any CPU
		{98126AEA-85BD-4977-B3D4-321710F2654B}.Debug|Any CPU.ActiveCfg = Debug|Any CPU
		{98126AEA-85BD-4977-B3D4-321710F2654B}.Debug|Any CPU.Build.0 = Debug|Any CPU
		{98126AEA-85BD-4977-B3D4-321710F2654B}.Release|Any CPU.ActiveCfg = Release|Any CPU
		{98126AEA-85BD-4977-B3D4-321710F2654B}.Release|Any CPU.Build.0 = Release|Any CPU
	EndGlobalSection
	GlobalSection(SolutionProperties) = preSolution
		HideSolutionNode = FALSE
	EndGlobalSection
	GlobalSection(ExtensibilityGlobals) = postSolution
		SolutionGuid = {02D51180-B1C9-4710-A2C0-A97F0E9E16D4}
	EndGlobalSection
EndGlobal
